
Microsoft Visual Studio Solution File, Format Version 12.00
# Visual Studio Version 16
VisualStudioVersion = 16.0.29318.209
MinimumVisualStudioVersion = 10.0.40219.1
Project("{FAE04EC0-301F-11D3-BF4B-00C04F79EFBC}") = "StampWebView", "StampWebView\StampWebView.csproj", "{728A4FB7-7898-40F4-9255-5F2EDC60065B}"
EndProject
Global
	GlobalSection(SolutionConfigurationPlatforms) = preSolution
		Debug|iPhone = Debug|iPhone
		Debug|iPhoneSimulator = Debug|iPhoneSimulator
		Release|iPhone = Release|iPhone
		Release|iPhoneSimulator = Release|iPhoneSimulator
	EndGlobalSection
	GlobalSection(ProjectConfigurationPlatforms) = postSolution
		{728A4FB7-7898-40F4-9255-5F2EDC60065B}.Debug|iPhone.ActiveCfg = Debug|iPhone
		{728A4FB7-7898-40F4-9255-5F2EDC60065B}.Debug|iPhone.Build.0 = Debug|iPhone
		{728A4FB7-7898-40F4-9255-5F2EDC60065B}.Debug|iPhone.Deploy.0 = Debug|iPhone
		{728A4FB7-7898-40F4-9255-5F2EDC60065B}.Debug|iPhoneSimulator.ActiveCfg = Debug|iPhoneSimulator
		{728A4FB7-7898-40F4-9255-5F2EDC60065B}.Debug|iPhoneSimulator.Build.0 = Debug|iPhoneSimulator
		{728A4FB7-7898-40F4-9255-5F2EDC60065B}.Debug|iPhoneSimulator.Deploy.0 = Debug|iPhoneSimulator
		{728A4FB7-7898-40F4-9255-5F2EDC60065B}.Release|iPhone.ActiveCfg = Release|iPhone
		{728A4FB7-7898-40F4-9255-5F2EDC60065B}.Release|iPhone.Build.0 = Release|iPhone
		{728A4FB7-7898-40F4-9255-5F2EDC60065B}.Release|iPhone.Deploy.0 = Release|iPhone
		{728A4FB7-7898-40F4-9255-5F2EDC60065B}.Release|iPhoneSimulator.ActiveCfg = Release|iPhoneSimulator
		{728A4FB7-7898-40F4-9255-5F2EDC60065B}.Release|iPhoneSimulator.Build.0 = Release|iPhoneSimulator
		{728A4FB7-7898-40F4-9255-5F2EDC60065B}.Release|iPhoneSimulator.Deploy.0 = Release|iPhoneSimulator
	EndGlobalSection
	GlobalSection(SolutionProperties) = preSolution
		HideSolutionNode = FALSE
	EndGlobalSection
	GlobalSection(ExtensibilityGlobals) = postSolution
		SolutionGuid = {95E9BDFE-E21B-47E1-B13F-BC3375A2FCB5}
	EndGlobalSection
EndGlobal
